
Microsoft Visual Studio Solution File, Format Version 12.00
# Visual Studio Version 16
VisualStudioVersion = 16.0.29926.136
MinimumVisualStudioVersion = 10.0.40219.1
Project("{FAE04EC0-301F-11D3-BF4B-00C04F79EFBC}") = "Klasy", "Klasy\Klasy.csproj", "{6CACF929-72F1-4A0C-902A-ACE491CB0BFE}"
EndProject
Project("{FAE04EC0-301F-11D3-BF4B-00C04F79EFBC}") = "Dziedziczenie", "Dziedziczenie\Dziedziczenie.csproj", "{F3D8B522-5D3D-43C3-BF46-509BD043A032}"
EndProject
Project("{FAE04EC0-301F-11D3-BF4B-00C04F79EFBC}") = "MiniShop", "MiniShop\MiniShop.csproj", "{D33AAD43-E725-46E5-B6E5-5AB550211B28}"
EndProject
Global
	GlobalSection(SolutionConfigurationPlatforms) = preSolution
		Debug|Any CPU = Debug|Any CPU
		Release|Any CPU = Release|Any CPU
	EndGlobalSection
	GlobalSection(ProjectConfigurationPlatforms) = postSolution
		{6CACF929-72F1-4A0C-902A-ACE491CB0BFE}.Debug|Any CPU.ActiveCfg = Debug|Any CPU
		{6CACF929-72F1-4A0C-902A-ACE491CB0BFE}.Debug|Any CPU.Build.0 = Debug|Any CPU
		{6CACF929-72F1-4A0C-902A-ACE491CB0BFE}.Release|Any CPU.ActiveCfg = Release|Any CPU
		{6CACF929-72F1-4A0C-902A-ACE491CB0BFE}.Release|Any CPU.Build.0 = Release|Any CPU
		{F3D8B522-5D3D-43C3-BF46-509BD043A032}.Debug|Any CPU.ActiveCfg = Debug|Any CPU
		{F3D8B522-5D3D-43C3-BF46-509BD043A032}.Debug|Any CPU.Build.0 = Debug|Any CPU
		{F3D8B522-5D3D-43C3-BF46-509BD043A032}.Release|Any CPU.ActiveCfg = Release|Any CPU
		{F3D8B522-5D3D-43C3-BF46-509BD043A032}.Release|Any CPU.Build.0 = Release|Any CPU
		{D33AAD43-E725-46E5-B6E5-5AB550211B28}.Debug|Any CPU.ActiveCfg = Debug|Any CPU
		{D33AAD43-E725-46E5-B6E5-5AB550211B28}.Debug|Any CPU.Build.0 = Debug|Any CPU
		{D33AAD43-E725-46E5-B6E5-5AB550211B28}.Release|Any CPU.ActiveCfg = Release|Any CPU
		{D33AAD43-E725-46E5-B6E5-5AB550211B28}.Release|Any CPU.Build.0 = Release|Any CPU
	EndGlobalSection
	GlobalSection(SolutionProperties) = preSolution
		HideSolutionNode = FALSE
	EndGlobalSection
	GlobalSection(ExtensibilityGlobals) = postSolution
		SolutionGuid = {7736D7FB-CFD8-4D8E-980D-B9AC1E78E64D}
	EndGlobalSection
EndGlobal
